<?xml version="1.0" encoding="UTF-8" standalone="yes" ?>
<CodeBlocks_project_file>
	<FileVersion major="1" minor="6" />
	<Project>
		<Option title="Kick_Time_Game" />
		<Option pch_mode="2" />
		<Option compiler="gcc" />
		<Build>
			<Target title="Debug">
				<Option output="Debug/Kick_Time_Game" prefix_auto="1" extension_auto="1" />
				<Option object_output="obj/Debug/" />
				<Option type="1" />
				<Option compiler="gcc" />
				<Compiler>
					<Add option="-g" />
					<Add directory="../../../SFML-2.0/include" />
				</Compiler>
				<Linker>
					<Add library="sfml-graphics-d" />
					<Add library="sfml-window-d" />
					<Add library="sfml-system-d" />
					<Add library="sfml-audio-d" />
					<Add library="sfml-network-d" />
					<Add directory="../../../SFML-2.0/lib" />
				</Linker>
			</Target>
			<Target title="Release">
				<Option output="Release/Kick_Time_Game" prefix_auto="1" extension_auto="1" />
				<Option object_output="obj/Release/" />
				<Option type="1" />
				<Option compiler="gcc" />
				<Compiler>
					<Add option="-O2" />
					<Add directory="../../../SFML-2.0/include" />
				</Compiler>
				<Linker>
					<Add option="-s" />
					<Add library="sfml-graphics" />
					<Add library="sfml-window" />
					<Add library="sfml-system" />
					<Add library="sfml-audio" />
					<Add library="sfml-network" />
					<Add directory="../../../SFML-2.0/lib" />
				</Linker>
			</Target>
		</Build>
		<Compiler>
			<Add option="-Wall" />
			<Add option="-fexceptions" />
		</Compiler>
		<Linker>
			<Add directory="../../../SFML-2.0/lib" />
		</Linker>
		<Unit filename="Animation.cpp" />
		<Unit filename="Animation.h" />
		<Unit filename="AnimationCharacter.cpp" />
		<Unit filename="AnimationCharacter.h" />
		<Unit filename="AnimationData.cpp" />
		<Unit filename="AnimationData.h" />
		<Unit filename="AnimationLevel.cpp" />
		<Unit filename="AnimationLevel.h" />
		<Unit filename="AnimationManager.cpp" />
		<Unit filename="AnimationManager.h" />
		<Unit filename="BattleMode.cpp" />
		<Unit filename="BattleMode.h" />
		<Unit filename="Button.cpp" />
		<Unit filename="Button.h" />
		<Unit filename="Button_Defines.h" />
		<Unit filename="Character.cpp" />
		<Unit filename="Character.h" />
		<Unit filename="CharacterData.cpp" />
		<Unit filename="CharacterData.h" />
		<Unit filename="CharacterManager.cpp" />
		<Unit filename="CharacterManager.h" />
		<Unit filename="CharacterSelectionMenu.cpp" />
		<Unit filename="CharacterSelectionMenu.h" />
		<Unit filename="CharacterSelectionMenu_Defines.h" />
		<Unit filename="Character_Defines.h" />
		<Unit filename="Collider.cpp" />
		<Unit filename="Collider.h" />
		<Unit filename="ColliderData.cpp" />
		<Unit filename="ColliderData.h" />
		<Unit filename="Debug.h" />
		<Unit filename="FontData.cpp" />
		<Unit filename="FontData.h" />
		<Unit filename="FontManager.cpp" />
		<Unit filename="FontManager.h" />
		<Unit filename="GameManager.cpp" />
		<Unit filename="GameManager.h" />
		<Unit filename="GameManager_Defines.h" />
		<Unit filename="HudManager.cpp" />
		<Unit filename="HudManager.h" />
		<Unit filename="HudManager_Defines.h" />
		<Unit filename="InputCharacter.cpp" />
		<Unit filename="InputCharacter.h" />
		<Unit filename="InputManager.cpp" />
		<Unit filename="InputManager.h" />
		<Unit filename="InputManager_Defines.h" />
		<Unit filename="Level.cpp" />
		<Unit filename="Level.h" />
		<Unit filename="LevelAnimationData.cpp" />
		<Unit filename="LevelAnimationData.h" />
		<Unit filename="LevelData.cpp" />
		<Unit filename="LevelData.h" />
		<Unit filename="LevelManager.cpp" />
		<Unit filename="LevelManager.h" />
		<Unit filename="Level_Defines.h" />
		<Unit filename="MainMenu.cpp" />
		<Unit filename="MainMenu.h" />
		<Unit filename="MainMenu_Defines.h" />
		<Unit filename="Menu.cpp" />
		<Unit filename="Menu.h" />
		<Unit filename="MenuManager.cpp" />
		<Unit filename="MenuManager.h" />
		<Unit filename="Mode.cpp" />
		<Unit filename="Mode.h" />
		<Unit filename="ModeManager.cpp" />
		<Unit filename="ModeManager.h" />
		<Unit filename="OptionMenu.cpp" />
		<Unit filename="OptionMenu.h" />
		<Unit filename="OptionMenu_Defines.h" />
		<Unit filename="Player.cpp" />
		<Unit filename="Player.h" />
		<Unit filename="Position.cpp" />
		<Unit filename="Position.h" />
		<Unit filename="RenderManager.cpp" />
		<Unit filename="RenderManager.h" />
		<Unit filename="SaveManager.cpp" />
		<Unit filename="SaveManager.h" />
		<Unit filename="SoundData.cpp" />
		<Unit filename="SoundData.h" />
		<Unit filename="SoundManager.cpp" />
		<Unit filename="SoundManager.h" />
		<Unit filename="SoundManager_Defines.h" />
		<Unit filename="Templates.h" />
		<Unit filename="TextureManager.cpp" />
		<Unit filename="TextureManager.h" />
		<Unit filename="Timer.cpp" />
		<Unit filename="Timer.h" />
		<Unit filename="main.cpp" />
		<Extensions>
			<code_completion />
			<envvars />
			<debugger />
			<lib_finder disable_auto="1" />
			<DoxyBlocks>
				<comment_style block="0" line="0" />
				<doxyfile_project />
				<doxyfile_build />
				<doxyfile_warnings />
				<doxyfile_output />
				<doxyfile_dot />
				<general />
			</DoxyBlocks>
		</Extensions>
	</Project>
</CodeBlocks_project_file>
