<?xml version="1.0" encoding="utf-8"?>
<Project ToolsVersion="4.0" xmlns="http://schemas.microsoft.com/developer/msbuild/2003">
  <ItemGroup>
    <ClCompile Include="Animation.cpp">
      <Filter>Fichiers sources</Filter>
    </ClCompile>
    <ClCompile Include="AnimationCharacter.cpp">
      <Filter>Fichiers sources</Filter>
    </ClCompile>
    <ClCompile Include="AnimationData.cpp">
      <Filter>Fichiers sources</Filter>
    </ClCompile>
    <ClCompile Include="AnimationLevel.cpp">
      <Filter>Fichiers sources</Filter>
    </ClCompile>
    <ClCompile Include="AnimationManager.cpp">
      <Filter>Fichiers sources</Filter>
    </ClCompile>
    <ClCompile Include="BattleMode.cpp">
      <Filter>Fichiers sources</Filter>
    </ClCompile>
    <ClCompile Include="Character.cpp">
      <Filter>Fichiers sources</Filter>
    </ClCompile>
    <ClCompile Include="CharacterData.cpp">
      <Filter>Fichiers sources</Filter>
    </ClCompile>
    <ClCompile Include="CharacterManager.cpp">
      <Filter>Fichiers sources</Filter>
    </ClCompile>
    <ClCompile Include="Collider.cpp">
      <Filter>Fichiers sources</Filter>
    </ClCompile>
    <ClCompile Include="ColliderData.cpp">
      <Filter>Fichiers sources</Filter>
    </ClCompile>
    <ClCompile Include="FontData.cpp">
      <Filter>Fichiers sources</Filter>
    </ClCompile>
    <ClCompile Include="FontManager.cpp">
      <Filter>Fichiers sources</Filter>
    </ClCompile>
    <ClCompile Include="GameManager.cpp">
      <Filter>Fichiers sources</Filter>
    </ClCompile>
    <ClCompile Include="HudManager.cpp">
      <Filter>Fichiers sources</Filter>
    </ClCompile>
    <ClCompile Include="InputManager.cpp">
      <Filter>Fichiers sources</Filter>
    </ClCompile>
    <ClCompile Include="Level.cpp">
      <Filter>Fichiers sources</Filter>
    </ClCompile>
    <ClCompile Include="LevelAnimationData.cpp">
      <Filter>Fichiers sources</Filter>
    </ClCompile>
    <ClCompile Include="LevelData.cpp">
      <Filter>Fichiers sources</Filter>
    </ClCompile>
    <ClCompile Include="LevelManager.cpp">
      <Filter>Fichiers sources</Filter>
    </ClCompile>
    <ClCompile Include="main.cpp">
      <Filter>Fichiers sources</Filter>
    </ClCompile>
    <ClCompile Include="MenuManager.cpp">
      <Filter>Fichiers sources</Filter>
    </ClCompile>
    <ClCompile Include="Mode.cpp">
      <Filter>Fichiers sources</Filter>
    </ClCompile>
    <ClCompile Include="ModeManager.cpp">
      <Filter>Fichiers sources</Filter>
    </ClCompile>
    <ClCompile Include="Player.cpp">
      <Filter>Fichiers sources</Filter>
    </ClCompile>
    <ClCompile Include="Position.cpp">
      <Filter>Fichiers sources</Filter>
    </ClCompile>
    <ClCompile Include="RenderManager.cpp">
      <Filter>Fichiers sources</Filter>
    </ClCompile>
    <ClCompile Include="SaveManager.cpp">
      <Filter>Fichiers sources</Filter>
    </ClCompile>
    <ClCompile Include="SoundData.cpp">
      <Filter>Fichiers sources</Filter>
    </ClCompile>
    <ClCompile Include="SoundManager.cpp">
      <Filter>Fichiers sources</Filter>
    </ClCompile>
    <ClCompile Include="TextureManager.cpp">
      <Filter>Fichiers sources</Filter>
    </ClCompile>
    <ClCompile Include="Timer.cpp">
      <Filter>Fichiers sources</Filter>
    </ClCompile>
    <ClCompile Include="Button.cpp">
      <Filter>Fichiers sources</Filter>
    </ClCompile>
    <ClCompile Include="MainMenu.cpp">
      <Filter>Fichiers sources</Filter>
    </ClCompile>
    <ClCompile Include="Menu.cpp">
      <Filter>Fichiers sources</Filter>
    </ClCompile>
    <ClCompile Include="OptionMenu.cpp">
      <Filter>Fichiers sources</Filter>
    </ClCompile>
    <ClCompile Include="CharacterSelectionMenu.cpp">
      <Filter>Fichiers sources</Filter>
    </ClCompile>
    <ClCompile Include="InputCharacter.cpp">
      <Filter>Fichiers sources</Filter>
    </ClCompile>
    <ClCompile Include="LevelSelectionMenu.cpp">
      <Filter>Fichiers sources</Filter>
    </ClCompile>
  </ItemGroup>
  <ItemGroup>
    <ClInclude Include="Animation.h">
      <Filter>Fichiers d%27en-tête</Filter>
    </ClInclude>
    <ClInclude Include="AnimationCharacter.h">
      <Filter>Fichiers d%27en-tête</Filter>
    </ClInclude>
    <ClInclude Include="AnimationData.h">
      <Filter>Fichiers d%27en-tête</Filter>
    </ClInclude>
    <ClInclude Include="AnimationLevel.h">
      <Filter>Fichiers d%27en-tête</Filter>
    </ClInclude>
    <ClInclude Include="AnimationManager.h">
      <Filter>Fichiers d%27en-tête</Filter>
    </ClInclude>
    <ClInclude Include="BattleMode.h">
      <Filter>Fichiers d%27en-tête</Filter>
    </ClInclude>
    <ClInclude Include="Character.h">
      <Filter>Fichiers d%27en-tête</Filter>
    </ClInclude>
    <ClInclude Include="Character_Defines.h">
      <Filter>Fichiers d%27en-tête</Filter>
    </ClInclude>
    <ClInclude Include="CharacterData.h">
      <Filter>Fichiers d%27en-tête</Filter>
    </ClInclude>
    <ClInclude Include="CharacterManager.h">
      <Filter>Fichiers d%27en-tête</Filter>
    </ClInclude>
    <ClInclude Include="Collider.h">
      <Filter>Fichiers d%27en-tête</Filter>
    </ClInclude>
    <ClInclude Include="ColliderData.h">
      <Filter>Fichiers d%27en-tête</Filter>
    </ClInclude>
    <ClInclude Include="Debug.h">
      <Filter>Fichiers d%27en-tête</Filter>
    </ClInclude>
    <ClInclude Include="FontData.h">
      <Filter>Fichiers d%27en-tête</Filter>
    </ClInclude>
    <ClInclude Include="FontManager.h">
      <Filter>Fichiers d%27en-tête</Filter>
    </ClInclude>
    <ClInclude Include="GameManager.h">
      <Filter>Fichiers d%27en-tête</Filter>
    </ClInclude>
    <ClInclude Include="GameManager_Defines.h">
      <Filter>Fichiers d%27en-tête</Filter>
    </ClInclude>
    <ClInclude Include="HudManager.h">
      <Filter>Fichiers d%27en-tête</Filter>
    </ClInclude>
    <ClInclude Include="HudManager_Defines.h">
      <Filter>Fichiers d%27en-tête</Filter>
    </ClInclude>
    <ClInclude Include="InputManager.h">
      <Filter>Fichiers d%27en-tête</Filter>
    </ClInclude>
    <ClInclude Include="InputManager_Defines.h">
      <Filter>Fichiers d%27en-tête</Filter>
    </ClInclude>
    <ClInclude Include="Level.h">
      <Filter>Fichiers d%27en-tête</Filter>
    </ClInclude>
    <ClInclude Include="Level_Defines.h">
      <Filter>Fichiers d%27en-tête</Filter>
    </ClInclude>
    <ClInclude Include="LevelAnimationData.h">
      <Filter>Fichiers d%27en-tête</Filter>
    </ClInclude>
    <ClInclude Include="LevelData.h">
      <Filter>Fichiers d%27en-tête</Filter>
    </ClInclude>
    <ClInclude Include="LevelManager.h">
      <Filter>Fichiers d%27en-tête</Filter>
    </ClInclude>
    <ClInclude Include="MenuManager.h">
      <Filter>Fichiers d%27en-tête</Filter>
    </ClInclude>
    <ClInclude Include="Mode.h">
      <Filter>Fichiers d%27en-tête</Filter>
    </ClInclude>
    <ClInclude Include="ModeManager.h">
      <Filter>Fichiers d%27en-tête</Filter>
    </ClInclude>
    <ClInclude Include="Player.h">
      <Filter>Fichiers d%27en-tête</Filter>
    </ClInclude>
    <ClInclude Include="Position.h">
      <Filter>Fichiers d%27en-tête</Filter>
    </ClInclude>
    <ClInclude Include="RenderManager.h">
      <Filter>Fichiers d%27en-tête</Filter>
    </ClInclude>
    <ClInclude Include="SaveManager.h">
      <Filter>Fichiers d%27en-tête</Filter>
    </ClInclude>
    <ClInclude Include="SoundData.h">
      <Filter>Fichiers d%27en-tête</Filter>
    </ClInclude>
    <ClInclude Include="SoundManager.h">
      <Filter>Fichiers d%27en-tête</Filter>
    </ClInclude>
    <ClInclude Include="Templates.h">
      <Filter>Fichiers d%27en-tête</Filter>
    </ClInclude>
    <ClInclude Include="TextureManager.h">
      <Filter>Fichiers d%27en-tête</Filter>
    </ClInclude>
    <ClInclude Include="Timer.h">
      <Filter>Fichiers d%27en-tête</Filter>
    </ClInclude>
    <ClInclude Include="Button.h">
      <Filter>Fichiers d%27en-tête</Filter>
    </ClInclude>
    <ClInclude Include="MainMenu.h">
      <Filter>Fichiers d%27en-tête</Filter>
    </ClInclude>
    <ClInclude Include="Menu.h">
      <Filter>Fichiers d%27en-tête</Filter>
    </ClInclude>
    <ClInclude Include="Button_Defines.h">
      <Filter>Fichiers d%27en-tête</Filter>
    </ClInclude>
    <ClInclude Include="OptionMenu.h">
      <Filter>Fichiers d%27en-tête</Filter>
    </ClInclude>
    <ClInclude Include="OptionMenu_Defines.h">
      <Filter>Fichiers d%27en-tête</Filter>
    </ClInclude>
    <ClInclude Include="SoundManager_Defines.h">
      <Filter>Fichiers d%27en-tête</Filter>
    </ClInclude>
    <ClInclude Include="CharacterSelectionMenu.h">
      <Filter>Fichiers d%27en-tête</Filter>
    </ClInclude>
    <ClInclude Include="CharacterSelectionMenu_Defines.h">
      <Filter>Fichiers d%27en-tête</Filter>
    </ClInclude>
    <ClInclude Include="MainMenu_Defines.h">
      <Filter>Fichiers d%27en-tête</Filter>
    </ClInclude>
    <ClInclude Include="InputCharacter.h">
      <Filter>Fichiers d%27en-tête</Filter>
    </ClInclude>
    <ClInclude Include="LevelSelectionMenu.h">
      <Filter>Fichiers d%27en-tête</Filter>
    </ClInclude>
    <ClInclude Include="LevelSelectionMenu_Defines.h">
      <Filter>Fichiers d%27en-tête</Filter>
    </ClInclude>
  </ItemGroup>
  <ItemGroup>
    <Filter Include="Fichiers d%27en-tête">
      <UniqueIdentifier>{fa6aef1b-bb07-4f13-b1a6-7de7c35a70ec}</UniqueIdentifier>
    </Filter>
    <Filter Include="Fichiers de ressources">
      <UniqueIdentifier>{208b76f6-3b13-465d-ad9c-d23494a44715}</UniqueIdentifier>
    </Filter>
    <Filter Include="Fichiers sources">
      <UniqueIdentifier>{b34b147c-e480-429f-95b0-be42dd7a408b}</UniqueIdentifier>
    </Filter>
  </ItemGroup>
  <ItemGroup>
    <Image Include="..\Ressources\Characters\MK\Scorpion\Scorpion.png">
      <Filter>Fichiers de ressources</Filter>
    </Image>
    <Image Include="..\Ressources\Levels\MK\The_Armory.png">
      <Filter>Fichiers de ressources</Filter>
    </Image>
  </ItemGroup>
</Project>